
Microsoft Visual Studio Solution File, Format Version 12.00
# Visual Studio Version 17
VisualStudioVersion = 17.6.33829.357
MinimumVisualStudioVersion = 10.0.40219.1
Project("{FAE04EC0-301F-11D3-BF4B-00C04F79EFBC}") = "text-compare", "text-compare\text-compare.csproj", "{59D6C50D-83F1-4918-8F52-4DC1CF5A8E8C}"
EndProject
Global
	GlobalSection(SolutionConfigurationPlatforms) = preSolution
		Debug|Any CPU = Debug|Any CPU
		Release|Any CPU = Release|Any CPU
	EndGlobalSection
	GlobalSection(ProjectConfigurationPlatforms) = postSolution
		{59D6C50D-83F1-4918-8F52-4DC1CF5A8E8C}.Debug|Any CPU.ActiveCfg = Debug|Any CPU
		{59D6C50D-83F1-4918-8F52-4DC1CF5A8E8C}.Debug|Any CPU.Build.0 = Debug|Any CPU
		{59D6C50D-83F1-4918-8F52-4DC1CF5A8E8C}.Release|Any CPU.ActiveCfg = Release|Any CPU
		{59D6C50D-83F1-4918-8F52-4DC1CF5A8E8C}.Release|Any CPU.Build.0 = Release|Any CPU
	EndGlobalSection
	GlobalSection(SolutionProperties) = preSolution
		HideSolutionNode = FALSE
	EndGlobalSection
	GlobalSection(ExtensibilityGlobals) = postSolution
		SolutionGuid = {12767481-9431-4528-8FF5-960F03832D0A}
	EndGlobalSection
EndGlobal
